
Microsoft Visual Studio Solution File, Format Version 12.00
# Visual Studio Version 17
VisualStudioVersion = 17.14.36202.13
MinimumVisualStudioVersion = 10.0.40219.1
Project("{FAE04EC0-301F-11D3-BF4B-00C04F79EFBC}") = "MicroServicesApi", "MicroServicesApi\MicroServicesApi.csproj", "{EFCD9D60-046C-438E-9099-27D525ECB6E8}"
EndProject
Project("{FAE04EC0-301F-11D3-BF4B-00C04F79EFBC}") = "ProductsApi", "ProductsApi\ProductsApi.csproj", "{C384F587-D28E-4503-9E47-AADADD1CA492}"
EndProject
Project("{FAE04EC0-301F-11D3-BF4B-00C04F79EFBC}") = "OrderApi", "OrderApi\OrderApi.csproj", "{E512B07C-B79D-4FC9-824B-D4F789D25692}"
EndProject
Project("{FAE04EC0-301F-11D3-BF4B-00C04F79EFBC}") = "KmacHelper", "KmacHelper\KmacHelper.csproj", "{E49BD1B9-73B2-4E4F-A5E6-967795D7E8F2}"
EndProject
Project("{FAE04EC0-301F-11D3-BF4B-00C04F79EFBC}") = "ShipmentApi", "ShipmentApi\ShipmentApi.csproj", "{9CD894D8-6AC6-4923-B0A8-5476BD84155E}"
EndProject
Global
	GlobalSection(SolutionConfigurationPlatforms) = preSolution
		Debug|Any CPU = Debug|Any CPU
		Release|Any CPU = Release|Any CPU
	EndGlobalSection
	GlobalSection(ProjectConfigurationPlatforms) = postSolution
		{EFCD9D60-046C-438E-9099-27D525ECB6E8}.Debug|Any CPU.ActiveCfg = Debug|Any CPU
		{EFCD9D60-046C-438E-9099-27D525ECB6E8}.Debug|Any CPU.Build.0 = Debug|Any CPU
		{EFCD9D60-046C-438E-9099-27D525ECB6E8}.Release|Any CPU.ActiveCfg = Release|Any CPU
		{EFCD9D60-046C-438E-9099-27D525ECB6E8}.Release|Any CPU.Build.0 = Release|Any CPU
		{C384F587-D28E-4503-9E47-AADADD1CA492}.Debug|Any CPU.ActiveCfg = Debug|Any CPU
		{C384F587-D28E-4503-9E47-AADADD1CA492}.Debug|Any CPU.Build.0 = Debug|Any CPU
		{C384F587-D28E-4503-9E47-AADADD1CA492}.Release|Any CPU.ActiveCfg = Release|Any CPU
		{C384F587-D28E-4503-9E47-AADADD1CA492}.Release|Any CPU.Build.0 = Release|Any CPU
		{E512B07C-B79D-4FC9-824B-D4F789D25692}.Debug|Any CPU.ActiveCfg = Debug|Any CPU
		{E512B07C-B79D-4FC9-824B-D4F789D25692}.Debug|Any CPU.Build.0 = Debug|Any CPU
		{E512B07C-B79D-4FC9-824B-D4F789D25692}.Release|Any CPU.ActiveCfg = Release|Any CPU
		{E512B07C-B79D-4FC9-824B-D4F789D25692}.Release|Any CPU.Build.0 = Release|Any CPU
		{E49BD1B9-73B2-4E4F-A5E6-967795D7E8F2}.Debug|Any CPU.ActiveCfg = Debug|Any CPU
		{E49BD1B9-73B2-4E4F-A5E6-967795D7E8F2}.Debug|Any CPU.Build.0 = Debug|Any CPU
		{E49BD1B9-73B2-4E4F-A5E6-967795D7E8F2}.Release|Any CPU.ActiveCfg = Release|Any CPU
		{E49BD1B9-73B2-4E4F-A5E6-967795D7E8F2}.Release|Any CPU.Build.0 = Release|Any CPU
		{9CD894D8-6AC6-4923-B0A8-5476BD84155E}.Debug|Any CPU.ActiveCfg = Debug|Any CPU
		{9CD894D8-6AC6-4923-B0A8-5476BD84155E}.Debug|Any CPU.Build.0 = Debug|Any CPU
		{9CD894D8-6AC6-4923-B0A8-5476BD84155E}.Release|Any CPU.ActiveCfg = Release|Any CPU
		{9CD894D8-6AC6-4923-B0A8-5476BD84155E}.Release|Any CPU.Build.0 = Release|Any CPU
	EndGlobalSection
	GlobalSection(SolutionProperties) = preSolution
		HideSolutionNode = FALSE
	EndGlobalSection
	GlobalSection(ExtensibilityGlobals) = postSolution
		SolutionGuid = {AE4F3390-F9B2-413A-BE4E-0522A1C1A5F1}
	EndGlobalSection
EndGlobal
